
Microsoft Visual Studio Solution File, Format Version 12.00
# Visual Studio Version 17
VisualStudioVersion = 17.9.34607.119
MinimumVisualStudioVersion = 10.0.40219.1
Project("{FAE04EC0-301F-11D3-BF4B-00C04F79EFBC}") = "NetFilesDirectoriesApp", "NetFilesDirectoriesApp\NetFilesDirectoriesApp.csproj", "{E3B44A0C-FC05-4E29-9F91-A0F7AB0C8E0C}"
EndProject
Global
	GlobalSection(SolutionConfigurationPlatforms) = preSolution
		Debug|Any CPU = Debug|Any CPU
		Release|Any CPU = Release|Any CPU
	EndGlobalSection
	GlobalSection(ProjectConfigurationPlatforms) = postSolution
		{E3B44A0C-FC05-4E29-9F91-A0F7AB0C8E0C}.Debug|Any CPU.ActiveCfg = Debug|Any CPU
		{E3B44A0C-FC05-4E29-9F91-A0F7AB0C8E0C}.Debug|Any CPU.Build.0 = Debug|Any CPU
		{E3B44A0C-FC05-4E29-9F91-A0F7AB0C8E0C}.Release|Any CPU.ActiveCfg = Release|Any CPU
		{E3B44A0C-FC05-4E29-9F91-A0F7AB0C8E0C}.Release|Any CPU.Build.0 = Release|Any CPU
	EndGlobalSection
	GlobalSection(SolutionProperties) = preSolution
		HideSolutionNode = FALSE
	EndGlobalSection
	GlobalSection(ExtensibilityGlobals) = postSolution
		SolutionGuid = {077E404E-BCF3-415D-B194-3D73E2B46827}
	EndGlobalSection
EndGlobal
